PODS:
  - NXFramework-Swift (0.1.0)

DEPENDENCIES:
  - NXFramework-Swift (from `../`)

EXTERNAL SOURCES:
  NXFramework-Swift:
    :path: "../"

SPEC CHECKSUMS:
  NXFramework-Swift: 86479747a38e6d62efd4ac3b6b5fb6105db08693

PODFILE CHECKSUM: 6d96891643b7ec822b3bac8b251b9354e0c362e9

COCOAPODS: 1.8.3
